
Microsoft Visual Studio Solution File, Format Version 12.00
# Visual Studio Version 17
VisualStudioVersion = 17.12.35728.132 d17.12
MinimumVisualStudioVersion = 10.0.40219.1
Project("{FAE04EC0-301F-11D3-BF4B-00C04F79EFBC}") = "L01_2022RS650_2022JH650", "L01_2022RS650_2022JH650\L01_2022RS650_2022JH650.csproj", "{B0EBC4BF-70DB-4E4B-B15C-F25D887AEBB7}"
EndProject
Global
	GlobalSection(SolutionConfigurationPlatforms) = preSolution
		Debug|Any CPU = Debug|Any CPU
		Release|Any CPU = Release|Any CPU
	EndGlobalSection
	GlobalSection(ProjectConfigurationPlatforms) = postSolution
		{B0EBC4BF-70DB-4E4B-B15C-F25D887AEBB7}.Debug|Any CPU.ActiveCfg = Debug|Any CPU
		{B0EBC4BF-70DB-4E4B-B15C-F25D887AEBB7}.Debug|Any CPU.Build.0 = Debug|Any CPU
		{B0EBC4BF-70DB-4E4B-B15C-F25D887AEBB7}.Release|Any CPU.ActiveCfg = Release|Any CPU
		{B0EBC4BF-70DB-4E4B-B15C-F25D887AEBB7}.Release|Any CPU.Build.0 = Release|Any CPU
	EndGlobalSection
	GlobalSection(SolutionProperties) = preSolution
		HideSolutionNode = FALSE
	EndGlobalSection
EndGlobal
